
Microsoft Visual Studio Solution File, Format Version 12.00
# Visual Studio Version 17
VisualStudioVersion = 17.8.34525.116
MinimumVisualStudioVersion = 10.0.40219.1
Project("{8BC9CEB8-8B4A-11D0-8D11-00A0C91BC942}") = "Project1", "Project1\Project1.vcxproj", "{2BE632D7-8BF4-443B-928D-93896B483834}"
EndProject
Global
	GlobalSection(SolutionConfigurationPlatforms) = preSolution
		Debug|x64 = Debug|x64
		Debug|x86 = Debug|x86
		Release|x64 = Release|x64
		Release|x86 = Release|x86
	EndGlobalSection
	GlobalSection(ProjectConfigurationPlatforms) = postSolution
		{2BE632D7-8BF4-443B-928D-93896B483834}.Debug|x64.ActiveCfg = Debug|x64
		{2BE632D7-8BF4-443B-928D-93896B483834}.Debug|x64.Build.0 = Debug|x64
		{2BE632D7-8BF4-443B-928D-93896B483834}.Debug|x86.ActiveCfg = Debug|Win32
		{2BE632D7-8BF4-443B-928D-93896B483834}.Debug|x86.Build.0 = Debug|Win32
		{2BE632D7-8BF4-443B-928D-93896B483834}.Release|x64.ActiveCfg = Release|x64
		{2BE632D7-8BF4-443B-928D-93896B483834}.Release|x64.Build.0 = Release|x64
		{2BE632D7-8BF4-443B-928D-93896B483834}.Release|x86.ActiveCfg = Release|Win32
		{2BE632D7-8BF4-443B-928D-93896B483834}.Release|x86.Build.0 = Release|Win32
	EndGlobalSection
	GlobalSection(SolutionProperties) = preSolution
		HideSolutionNode = FALSE
	EndGlobalSection
	GlobalSection(ExtensibilityGlobals) = postSolution
		SolutionGuid = {67FDC4E0-02BF-4B75-A10C-06715C71123C}
	EndGlobalSection
EndGlobal
